PODS:
  - CocoaAsyncSocket (7.6.4)
  - TXCSocket (0.1.1):
    - CocoaAsyncSocket

DEPENDENCIES:
  - TXCSocket (from `../`)

SPEC REPOS:
  https://github.com/CocoaPods/Specs.git:
    - CocoaAsyncSocket

EXTERNAL SOURCES:
  TXCSocket:
    :path: "../"

SPEC CHECKSUMS:
  CocoaAsyncSocket: 694058e7c0ed05a9e217d1b3c7ded962f4180845
  TXCSocket: 6b9e834113e3625654bde5b45dae973ea7c1451d

PODFILE CHECKSUM: 4ec98b5343418cf87d0a33bb7e11a6cfc14c1787

COCOAPODS: 1.9.0
